# This file is auto-generated by Harn. Do not edit.

version = 5
generator_version = "0.10.59"
protocol_artifact_version = "0.10.59"

[[package]]
name = "harn-openapi"
source = "git+https://github.com/burin-labs/harn-openapi"
rev_request = "f3e2300ca9f9da92f5c83125fd7c5cb1c0debf81"
commit = "f3e2300ca9f9da92f5c83125fd7c5cb1c0debf81"
content_hash = "sha256-v2:66a663922c3ab5cd08116e1b87b053dbd1c8269ada81ac4d01ba7ce14ae591b0"
package_version = "0.1.1-rc.2"
harn_compat = ">=0.10,<0.11"
manifest_digest = "sha256:355d4aa793110c7c059b2f96aa6db1d3a60e94d8f643370e1c471ac5bae34188"

[[package.exports.modules]]
name = "default"
path = "src/lib.harn"
