# This file is auto-generated by Harn. Do not edit.

version = 4
generator_version = "0.8.155"
protocol_artifact_version = "0.8.155"

[[package]]
name = "harn-openapi"
source = "git+https://github.com/burin-labs/harn-openapi"
rev_request = "1f5b04b69fca20bc2e9e6d5179c3f66494539eb1"
commit = "1f5b04b69fca20bc2e9e6d5179c3f66494539eb1"
content_hash = "sha256:65f608bf34ae093b597b1347cfcbbd73677989c69abc2446e3a6601056d95c59"
package_version = "0.1.1-rc.1"
harn_compat = ">=0.8,<0.9"
manifest_digest = "sha256:914eaa53c4c954c9414e3c0e89c572d2905032aadfeafba39854393b7c6b9493"

[[package.exports.modules]]
name = "default"
path = "src/lib.harn"
